PODS:
  - Bugly (2.5.0)
  - BytedEffects (3.2.0)
  - camera (0.0.1):
    - Flutter
  - Flutter (1.0.0)
  - FMDB (2.7.5):
    - FMDB/standard (= 2.7.5)
  - FMDB/standard (2.7.5)
  - gengmei_flutter_plugin (0.0.1):
    - Flutter
  - image_gallery_saver (0.0.1):
    - Flutter
  - KVOController (1.2.0)
  - Mantle (2.1.0):
    - Mantle/extobjc (= 2.1.0)
  - Mantle/extobjc (2.1.0)
  - Masonry (1.1.0)
  - path_provider (0.0.1):
    - Flutter
  - permission_handler (4.3.0):
    - Flutter
  - QCloudCore (5.6.6):
    - QCloudCore/Default (= 5.6.6)
  - QCloudCore/Default (5.6.6)
  - QCloudCOSXML (5.6.6):
    - QCloudCOSXML/Default (= 5.6.6)
  - QCloudCOSXML/Default (5.6.6):
    - QCloudCore (= 5.6.6)
  - shared_preferences (0.0.1):
    - Flutter
  - shared_preferences_macos (0.0.1):
    - Flutter
  - shared_preferences_web (0.0.1):
    - Flutter
  - sqflite (0.0.1):
    - Flutter
    - FMDB (~> 2.7.2)
  - Toast (4.0.0)
  - TZImagePickerController (3.2.6)
  - WechatOpenSDK (1.8.6)

DEPENDENCIES:
  - Bugly (= 2.5.0)
  - BytedEffects (from `/Users/apple/Downloads/iossample`)
  - camera (from `.symlinks/plugins/camera/ios`)
  - Flutter (from `.symlinks/flutter/ios`)
  - gengmei_flutter_plugin (from `.symlinks/plugins/gengmei_flutter_plugin/ios`)
  - image_gallery_saver (from `.symlinks/plugins/image_gallery_saver/ios`)
  - KVOController (= 1.2.0)
  - Mantle (= 2.1.0)
  - Masonry (= 1.1.0)
  - path_provider (from `.symlinks/plugins/path_provider/ios`)
  - permission_handler (from `.symlinks/plugins/permission_handler/ios`)
  - QCloudCOSXML
  - shared_preferences (from `.symlinks/plugins/shared_preferences/ios`)
  - shared_preferences_macos (from `.symlinks/plugins/shared_preferences_macos/ios`)
  - shared_preferences_web (from `.symlinks/plugins/shared_preferences_web/ios`)
  - sqflite (from `.symlinks/plugins/sqflite/ios`)
  - Toast (~> 4.0.0)
  - TZImagePickerController
  - WechatOpenSDK

SPEC REPOS:
  https://github.com/CocoaPods/Specs.git:
    - Bugly
    - KVOController
    - Mantle
    - Masonry
    - QCloudCore
    - QCloudCOSXML
    - Toast
    - TZImagePickerController
    - WechatOpenSDK
  trunk:
    - FMDB

EXTERNAL SOURCES:
  BytedEffects:
    :path: "/Users/apple/Downloads/iossample"
  camera:
    :path: ".symlinks/plugins/camera/ios"
  Flutter:
    :path: ".symlinks/flutter/ios"
  gengmei_flutter_plugin:
    :path: ".symlinks/plugins/gengmei_flutter_plugin/ios"
  image_gallery_saver:
    :path: ".symlinks/plugins/image_gallery_saver/ios"
  path_provider:
    :path: ".symlinks/plugins/path_provider/ios"
  permission_handler:
    :path: ".symlinks/plugins/permission_handler/ios"
  shared_preferences:
    :path: ".symlinks/plugins/shared_preferences/ios"
  shared_preferences_macos:
    :path: ".symlinks/plugins/shared_preferences_macos/ios"
  shared_preferences_web:
    :path: ".symlinks/plugins/shared_preferences_web/ios"
  sqflite:
    :path: ".symlinks/plugins/sqflite/ios"

SPEC CHECKSUMS:
  Bugly: 3ca9f255c01025582df26f9222893b383c7e4b4e
  BytedEffects: f299a1d457d7e03d05648f63733586a6f0842384
  camera: 38cc83ae9a5667bb5a71c7d9edaf60a91920fd4e
  Flutter: 0e3d915762c693b495b44d77113d4970485de6ec
  FMDB: 2ce00b547f966261cd18927a3ddb07cb6f3db82a
  gengmei_flutter_plugin: 9461e8644c06c4a0e38292ddcca1cc55e6ac6156
  image_gallery_saver: 73b3cd8ad9c950c739878af9c311744d1bf5405d
  KVOController: d72ace34afea42468329623b3379ab3cd1d286b6
  Mantle: 2fa750afa478cd625a94230fbf1c13462f29395b
  Masonry: 678fab65091a9290e40e2832a55e7ab731aad201
  path_provider: fb74bd0465e96b594bb3b5088ee4a4e7bb1f2a9d
  permission_handler: 5c75cfde1229eb85f22d367c093900fac03c6c9e
  QCloudCore: 57cb8830b0f7adbd99f7467d23cf42a88257ac63
  QCloudCOSXML: 5589f274de85f2073b69a786c9eef9080009cd3b
  shared_preferences: 430726339841afefe5142b9c1f50cb6bd7793e01
  shared_preferences_macos: f3f29b71ccbb56bf40c9dd6396c9acf15e214087
  shared_preferences_web: 141cce0c3ed1a1c5bf2a0e44f52d31eeb66e5ea9
  sqflite: 4001a31ff81d210346b500c55b17f4d6c7589dd0
  Toast: 91b396c56ee72a5790816f40d3a94dd357abc196
  TZImagePickerController: 3900e8d68428ff3a88817efce82ae9e7d9ffebc9
  WechatOpenSDK: 368ae03b72ee3ea1328c4f11326fbb5d2721d118

PODFILE CHECKSUM: 6a73021291c204e0b7644d6a3a7beff912317dd8

COCOAPODS: 1.9.0
