PODS:
  - Flutter (1.0.0)
  - FMDB (2.7.5):
    - FMDB/standard (= 2.7.5)
  - FMDB/standard (2.7.5)
  - gengmei_flutter_plugin (0.0.1):
    - Flutter
  - OpenCV (3.0.0)
  - path_provider (0.0.1):
    - Flutter
  - QCloudCore (5.6.6):
    - QCloudCore/Default (= 5.6.6)
  - QCloudCore/Default (5.6.6)
  - QCloudCOSXML (5.6.6):
    - QCloudCOSXML/Default (= 5.6.6)
  - QCloudCOSXML/Default (5.6.6):
    - QCloudCore (= 5.6.6)
  - shared_preferences (0.0.1):
    - Flutter
  - shared_preferences_macos (0.0.1):
    - Flutter
  - shared_preferences_web (0.0.1):
    - Flutter
  - sqflite (0.0.1):
    - Flutter
    - FMDB (~> 2.7.2)

DEPENDENCIES:
  - Flutter (from `.symlinks/flutter/ios-release`)
  - gengmei_flutter_plugin (from `.symlinks/plugins/gengmei_flutter_plugin/ios`)
  - OpenCV (~> 3.0.0)
  - path_provider (from `.symlinks/plugins/path_provider/ios`)
  - QCloudCOSXML
  - shared_preferences (from `.symlinks/plugins/shared_preferences/ios`)
  - shared_preferences_macos (from `.symlinks/plugins/shared_preferences_macos/ios`)
  - shared_preferences_web (from `.symlinks/plugins/shared_preferences_web/ios`)
  - sqflite (from `.symlinks/plugins/sqflite/ios`)

SPEC REPOS:
  https://github.com/CocoaPods/Specs.git:
    - OpenCV
    - QCloudCore
    - QCloudCOSXML
  trunk:
    - FMDB

EXTERNAL SOURCES:
  Flutter:
    :path: ".symlinks/flutter/ios-release"
  gengmei_flutter_plugin:
    :path: ".symlinks/plugins/gengmei_flutter_plugin/ios"
  path_provider:
    :path: ".symlinks/plugins/path_provider/ios"
  shared_preferences:
    :path: ".symlinks/plugins/shared_preferences/ios"
  shared_preferences_macos:
    :path: ".symlinks/plugins/shared_preferences_macos/ios"
  shared_preferences_web:
    :path: ".symlinks/plugins/shared_preferences_web/ios"
  sqflite:
    :path: ".symlinks/plugins/sqflite/ios"

SPEC CHECKSUMS:
  Flutter: 0e3d915762c693b495b44d77113d4970485de6ec
  FMDB: 2ce00b547f966261cd18927a3ddb07cb6f3db82a
  gengmei_flutter_plugin: 9461e8644c06c4a0e38292ddcca1cc55e6ac6156
  OpenCV: be07c02f0d8f125f1d40d261e66a66cb66ece3b3
  path_provider: fb74bd0465e96b594bb3b5088ee4a4e7bb1f2a9d
  QCloudCore: 57cb8830b0f7adbd99f7467d23cf42a88257ac63
  QCloudCOSXML: 5589f274de85f2073b69a786c9eef9080009cd3b
  shared_preferences: 430726339841afefe5142b9c1f50cb6bd7793e01
  shared_preferences_macos: f3f29b71ccbb56bf40c9dd6396c9acf15e214087
  shared_preferences_web: 141cce0c3ed1a1c5bf2a0e44f52d31eeb66e5ea9
  sqflite: 4001a31ff81d210346b500c55b17f4d6c7589dd0

PODFILE CHECKSUM: b06a34b50b90f44109b95404d13b5d6963288ac2

COCOAPODS: 1.8.4
